// !$*UTF8*$!
{
	archiveVersion = 1;
	classes = {
	};
	objectVersion = 51;
	objects = {

/* Begin PBXBuildFile section */
		4A595D5425DBBC1CADF10C5E /* Pods_AppStoreJSONApis.framework in Frameworks */ = {isa = PBXBuildFile; fileRef = 0B3F2617F4F35863014FFEEB /* Pods_AppStoreJSONApis.framework */; };
		5E025BFF243B7E8E00C34B37 /* AppsHeaderCell.swift in Sources */ = {isa = PBXBuildFile; fileRef = 5E025BFE243B7E8E00C34B37 /* AppsHeaderCell.swift */; };
		5E154BC223DDF459002A89A9 /* AppDelegate.swift in Sources */ = {isa = PBXBuildFile; fileRef = 5E154BC123DDF459002A89A9 /* AppDelegate.swift */; };
		5E154BC423DDF459002A89A9 /* ViewController.swift in Sources */ = {isa = PBXBuildFile; fileRef = 5E154BC323DDF459002A89A9 /* ViewController.swift */; };
		5E154BC723DDF459002A89A9 /* Main.storyboard in Resources */ = {isa = PBXBuildFile; fileRef = 5E154BC523DDF459002A89A9 /* Main.storyboard */; };
		5E154BC923DDF45A002A89A9 /* Assets.xcassets in Resources */ = {isa = PBXBuildFile; fileRef = 5E154BC823DDF45A002A89A9 /* Assets.xcassets */; };
		5E154BCC23DDF45A002A89A9 /* LaunchScreen.storyboard in Resources */ = {isa = PBXBuildFile; fileRef = 5E154BCA23DDF45A002A89A9 /* LaunchScreen.storyboard */; };
		5E154BD423DDF5C9002A89A9 /* BaseTabBarController.swift in Sources */ = {isa = PBXBuildFile; fileRef = 5E154BD323DDF5C9002A89A9 /* BaseTabBarController.swift */; };
		5E4A9B7123EDAD0000822698 /* SearchResultCell.swift in Sources */ = {isa = PBXBuildFile; fileRef = 5E4A9B7023EDAD0000822698 /* SearchResultCell.swift */; };
		5E4B0DB924398EAA00B45638 /* BaseListController.swift in Sources */ = {isa = PBXBuildFile; fileRef = 5E4B0DB824398EAA00B45638 /* BaseListController.swift */; };
		5E4B0DBD2439C8A200B45638 /* AppsGroupCell.swift in Sources */ = {isa = PBXBuildFile; fileRef = 5E4B0DBC2439C8A200B45638 /* AppsGroupCell.swift */; };
		5E4B0DBF2439D21200B45638 /* AppsHorizontalController.swift in Sources */ = {isa = PBXBuildFile; fileRef = 5E4B0DBE2439D21200B45638 /* AppsHorizontalController.swift */; };
		5E4B0DC1243A0F3A00B45638 /* AppRowCell.swift in Sources */ = {isa = PBXBuildFile; fileRef = 5E4B0DC0243A0F3A00B45638 /* AppRowCell.swift */; };
		5E4B0DC3243A107E00B45638 /* Extensions.swift in Sources */ = {isa = PBXBuildFile; fileRef = 5E4B0DC2243A107E00B45638 /* Extensions.swift */; };
		5E4B0DC5243A1DCE00B45638 /* AppsPageHeader.swift in Sources */ = {isa = PBXBuildFile; fileRef = 5E4B0DC4243A1DCE00B45638 /* AppsPageHeader.swift */; };
		5E4B0DC7243A274400B45638 /* AppHeaderHorizontalController.swift in Sources */ = {isa = PBXBuildFile; fileRef = 5E4B0DC6243A274400B45638 /* AppHeaderHorizontalController.swift */; };
		5E5B8CB3246638EA00DC3876 /* AppDetailCell.swift in Sources */ = {isa = PBXBuildFile; fileRef = 5E5B8CB2246638EA00DC3876 /* AppDetailCell.swift */; };
		5E65513A24552F9500D4809B /* AppGroup.swift in Sources */ = {isa = PBXBuildFile; fileRef = 5E65513924552F9500D4809B /* AppGroup.swift */; };
		5E6843872457315A009655FF /* BetterSnappingLayout.swift in Sources */ = {isa = PBXBuildFile; fileRef = 5E6843862457315A009655FF /* BetterSnappingLayout.swift */; };
		5E729AC92466AD0000702B16 /* PreviewCell.swift in Sources */ = {isa = PBXBuildFile; fileRef = 5E729AC82466AD0000702B16 /* PreviewCell.swift */; };
		5E729ACB2466B02900702B16 /* PreviewScreenshotsController.swift in Sources */ = {isa = PBXBuildFile; fileRef = 5E729ACA2466B02900702B16 /* PreviewScreenshotsController.swift */; };
		5E729ACD2466D7A200702B16 /* ReviewRowCell.swift in Sources */ = {isa = PBXBuildFile; fileRef = 5E729ACC2466D7A200702B16 /* ReviewRowCell.swift */; };
		5E729ACF2466E62300702B16 /* ReviewsController.swift in Sources */ = {isa = PBXBuildFile; fileRef = 5E729ACE2466E62300702B16 /* ReviewsController.swift */; };
		5E729AD12466E94400702B16 /* ReviewCell.swift in Sources */ = {isa = PBXBuildFile; fileRef = 5E729AD02466E94400702B16 /* ReviewCell.swift */; };
		5E729AD32466FF5400702B16 /* Reviews.swift in Sources */ = {isa = PBXBuildFile; fileRef = 5E729AD22466FF5400702B16 /* Reviews.swift */; };
		5E729AD62467768600702B16 /* TodayController.swift in Sources */ = {isa = PBXBuildFile; fileRef = 5E729AD52467768600702B16 /* TodayController.swift */; };
		5E729AD92467785700702B16 /* TodayCell.swift in Sources */ = {isa = PBXBuildFile; fileRef = 5E729AD82467785700702B16 /* TodayCell.swift */; };
		5E729ADB246790F900702B16 /* AppFullscreenController.swift in Sources */ = {isa = PBXBuildFile; fileRef = 5E729ADA246790F900702B16 /* AppFullscreenController.swift */; };
		5E729ADD2467939F00702B16 /* AppFullscreenDescriptionCell.swift in Sources */ = {isa = PBXBuildFile; fileRef = 5E729ADC2467939F00702B16 /* AppFullscreenDescriptionCell.swift */; };
		5E729ADF2467CD2600702B16 /* AppFullscreenHeaderCell.swift in Sources */ = {isa = PBXBuildFile; fileRef = 5E729ADE2467CD2600702B16 /* AppFullscreenHeaderCell.swift */; };
		5E7B04292455E02800B25539 /* SocialApp.swift in Sources */ = {isa = PBXBuildFile; fileRef = 5E7B04282455E02800B25539 /* SocialApp.swift */; };
		5E833FF5240AC3AC00F54C58 /* Service.swift in Sources */ = {isa = PBXBuildFile; fileRef = 5E833FF4240AC3AC00F54C58 /* Service.swift */; };
		5E8787B423EE3E200009452D /* UIView+Layout.swift in Sources */ = {isa = PBXBuildFile; fileRef = 5E8787B323EE3E1F0009452D /* UIView+Layout.swift */; };
		5E8787B623EEB19F0009452D /* VerticalStackView.swift in Sources */ = {isa = PBXBuildFile; fileRef = 5E8787B523EEB19F0009452D /* VerticalStackView.swift */; };
		5E95131224572B4A009B4438 /* HorizontalSnappingController.swift in Sources */ = {isa = PBXBuildFile; fileRef = 5E95131124572B4A009B4438 /* HorizontalSnappingController.swift */; };
		5EA3712C23ED75F500E1F043 /* AppsSearchController.swift in Sources */ = {isa = PBXBuildFile; fileRef = 5EA3712B23ED75F500E1F043 /* AppsSearchController.swift */; };
		5EA52D03245B25E90005C66F /* AppDetailController.swift in Sources */ = {isa = PBXBuildFile; fileRef = 5EA52D02245B25E90005C66F /* AppDetailController.swift */; };
		5EAE651023F0495900EFFFBB /* SearchResult.swift in Sources */ = {isa = PBXBuildFile; fileRef = 5EAE650F23F0495900EFFFBB /* SearchResult.swift */; };
		5EB76D6924398AAF005E9FF6 /* AppsPageController.swift in Sources */ = {isa = PBXBuildFile; fileRef = 5EB76D6824398AAF005E9FF6 /* AppsPageController.swift */; };
		5EDF2E222469981300ACCA06 /* TodayItem.swift in Sources */ = {isa = PBXBuildFile; fileRef = 5EDF2E212469981300ACCA06 /* TodayItem.swift */; };
/* End PBXBuildFile section */

/* Begin PBXFileReference section */
		0B3F2617F4F35863014FFEEB /* Pods_AppStoreJSONApis.framework */ = {isa = PBXFileReference; explicitFileType = wrapper.framework; includeInIndex = 0; path = Pods_AppStoreJSONApis.framework; sourceTree = BUILT_PRODUCTS_DIR; };
		550C3FB864351804D60B7976 /* Pods-AppStoreJSONApis.release.xcconfig */ = {isa = PBXFileReference; includeInIndex = 1; lastKnownFileType = text.xcconfig; name = "Pods-AppStoreJSONApis.release.xcconfig"; path = "Target Support Files/Pods-AppStoreJSONApis/Pods-AppStoreJSONApis.release.xcconfig"; sourceTree = "<group>"; };
		5E025BFE243B7E8E00C34B37 /* AppsHeaderCell.swift */ = {isa = PBXFileReference; lastKnownFileType = sourcecode.swift; path = AppsHeaderCell.swift; sourceTree = "<group>"; };
		5E154BBE23DDF459002A89A9 /* AppStoreJSONApis.app */ = {isa = PBXFileReference; explicitFileType = wrapper.application; includeInIndex = 0; path = AppStoreJSONApis.app; sourceTree = BUILT_PRODUCTS_DIR; };
		5E154BC123DDF459002A89A9 /* AppDelegate.swift */ = {isa = PBXFileReference; lastKnownFileType = sourcecode.swift; path = AppDelegate.swift; sourceTree = "<group>"; };
		5E154BC323DDF459002A89A9 /* ViewController.swift */ = {isa = PBXFileReference; lastKnownFileType = sourcecode.swift; path = ViewController.swift; sourceTree = "<group>"; };
		5E154BC623DDF459002A89A9 /* Base */ = {isa = PBXFileReference; lastKnownFileType = file.storyboard; name = Base; path = Base.lproj/Main.storyboard; sourceTree = "<group>"; };
		5E154BC823DDF45A002A89A9 /* Assets.xcassets */ = {isa = PBXFileReference; lastKnownFileType = folder.assetcatalog; path = Assets.xcassets; sourceTree = "<group>"; };
		5E154BCB23DDF45A002A89A9 /* Base */ = {isa = PBXFileReference; lastKnownFileType = file.storyboard; name = Base; path = Base.lproj/LaunchScreen.storyboard; sourceTree = "<group>"; };
		5E154BCD23DDF45A002A89A9 /* Info.plist */ = {isa = PBXFileReference; lastKnownFileType = text.plist.xml; path = Info.plist; sourceTree = "<group>"; };
		5E154BD323DDF5C9002A89A9 /* BaseTabBarController.swift */ = {isa = PBXFileReference; lastKnownFileType = sourcecode.swift; path = BaseTabBarController.swift; sourceTree = "<group>"; };
		5E4A9B7023EDAD0000822698 /* SearchResultCell.swift */ = {isa = PBXFileReference; lastKnownFileType = sourcecode.swift; path = SearchResultCell.swift; sourceTree = "<group>"; };
		5E4B0DB824398EAA00B45638 /* BaseListController.swift */ = {isa = PBXFileReference; lastKnownFileType = sourcecode.swift; path = BaseListController.swift; sourceTree = "<group>"; };
		5E4B0DBC2439C8A200B45638 /* AppsGroupCell.swift */ = {isa = PBXFileReference; lastKnownFileType = sourcecode.swift; path = AppsGroupCell.swift; sourceTree = "<group>"; };
		5E4B0DBE2439D21200B45638 /* AppsHorizontalController.swift */ = {isa = PBXFileReference; lastKnownFileType = sourcecode.swift; path = AppsHorizontalController.swift; sourceTree = "<group>"; };
		5E4B0DC0243A0F3A00B45638 /* AppRowCell.swift */ = {isa = PBXFileReference; lastKnownFileType = sourcecode.swift; path = AppRowCell.swift; sourceTree = "<group>"; };
		5E4B0DC2243A107E00B45638 /* Extensions.swift */ = {isa = PBXFileReference; lastKnownFileType = sourcecode.swift; path = Extensions.swift; sourceTree = "<group>"; };
		5E4B0DC4243A1DCE00B45638 /* AppsPageHeader.swift */ = {isa = PBXFileReference; lastKnownFileType = sourcecode.swift; path = AppsPageHeader.swift; sourceTree = "<group>"; };
		5E4B0DC6243A274400B45638 /* AppHeaderHorizontalController.swift */ = {isa = PBXFileReference; lastKnownFileType = sourcecode.swift; path = AppHeaderHorizontalController.swift; sourceTree = "<group>"; };
		5E5B8CB2246638EA00DC3876 /* AppDetailCell.swift */ = {isa = PBXFileReference; lastKnownFileType = sourcecode.swift; path = AppDetailCell.swift; sourceTree = "<group>"; };
		5E65513924552F9500D4809B /* AppGroup.swift */ = {isa = PBXFileReference; lastKnownFileType = sourcecode.swift; path = AppGroup.swift; sourceTree = "<group>"; };
		5E6843862457315A009655FF /* BetterSnappingLayout.swift */ = {isa = PBXFileReference; lastKnownFileType = sourcecode.swift; path = BetterSnappingLayout.swift; sourceTree = "<group>"; };
		5E729AC82466AD0000702B16 /* PreviewCell.swift */ = {isa = PBXFileReference; lastKnownFileType = sourcecode.swift; path = PreviewCell.swift; sourceTree = "<group>"; };
		5E729ACA2466B02900702B16 /* PreviewScreenshotsController.swift */ = {isa = PBXFileReference; lastKnownFileType = sourcecode.swift; path = PreviewScreenshotsController.swift; sourceTree = "<group>"; };
		5E729ACC2466D7A200702B16 /* ReviewRowCell.swift */ = {isa = PBXFileReference; lastKnownFileType = sourcecode.swift; path = ReviewRowCell.swift; sourceTree = "<group>"; };
		5E729ACE2466E62300702B16 /* ReviewsController.swift */ = {isa = PBXFileReference; lastKnownFileType = sourcecode.swift; path = ReviewsController.swift; sourceTree = "<group>"; };
		5E729AD02466E94400702B16 /* ReviewCell.swift */ = {isa = PBXFileReference; lastKnownFileType = sourcecode.swift; path = ReviewCell.swift; sourceTree = "<group>"; };
		5E729AD22466FF5400702B16 /* Reviews.swift */ = {isa = PBXFileReference; lastKnownFileType = sourcecode.swift; path = Reviews.swift; sourceTree = "<group>"; };
		5E729AD52467768600702B16 /* TodayController.swift */ = {isa = PBXFileReference; lastKnownFileType = sourcecode.swift; path = TodayController.swift; sourceTree = "<group>"; };
		5E729AD82467785700702B16 /* TodayCell.swift */ = {isa = PBXFileReference; lastKnownFileType = sourcecode.swift; path = TodayCell.swift; sourceTree = "<group>"; };
		5E729ADA246790F900702B16 /* AppFullscreenController.swift */ = {isa = PBXFileReference; lastKnownFileType = sourcecode.swift; path = AppFullscreenController.swift; sourceTree = "<group>"; };
		5E729ADC2467939F00702B16 /* AppFullscreenDescriptionCell.swift */ = {isa = PBXFileReference; lastKnownFileType = sourcecode.swift; path = AppFullscreenDescriptionCell.swift; sourceTree = "<group>"; };
		5E729ADE2467CD2600702B16 /* AppFullscreenHeaderCell.swift */ = {isa = PBXFileReference; lastKnownFileType = sourcecode.swift; path = AppFullscreenHeaderCell.swift; sourceTree = "<group>"; };
		5E7B04282455E02800B25539 /* SocialApp.swift */ = {isa = PBXFileReference; lastKnownFileType = sourcecode.swift; path = SocialApp.swift; sourceTree = "<group>"; };
		5E833FF4240AC3AC00F54C58 /* Service.swift */ = {isa = PBXFileReference; lastKnownFileType = sourcecode.swift; path = Service.swift; sourceTree = "<group>"; };
		5E8787B323EE3E1F0009452D /* UIView+Layout.swift */ = {isa = PBXFileReference; fileEncoding = 4; lastKnownFileType = sourcecode.swift; path = "UIView+Layout.swift"; sourceTree = "<group>"; };
		5E8787B523EEB19F0009452D /* VerticalStackView.swift */ = {isa = PBXFileReference; lastKnownFileType = sourcecode.swift; path = VerticalStackView.swift; sourceTree = "<group>"; };
		5E95131124572B4A009B4438 /* HorizontalSnappingController.swift */ = {isa = PBXFileReference; lastKnownFileType = sourcecode.swift; path = HorizontalSnappingController.swift; sourceTree = "<group>"; };
		5EA3712B23ED75F500E1F043 /* AppsSearchController.swift */ = {isa = PBXFileReference; lastKnownFileType = sourcecode.swift; path = AppsSearchController.swift; sourceTree = "<group>"; };
		5EA52D02245B25E90005C66F /* AppDetailController.swift */ = {isa = PBXFileReference; lastKnownFileType = sourcecode.swift; path = AppDetailController.swift; sourceTree = "<group>"; };
		5EAE650F23F0495900EFFFBB /* SearchResult.swift */ = {isa = PBXFileReference; lastKnownFileType = sourcecode.swift; path = SearchResult.swift; sourceTree = "<group>"; };
		5EB76D6824398AAF005E9FF6 /* AppsPageController.swift */ = {isa = PBXFileReference; lastKnownFileType = sourcecode.swift; path = AppsPageController.swift; sourceTree = "<group>"; };
		5EDF2E212469981300ACCA06 /* TodayItem.swift */ = {isa = PBXFileReference; lastKnownFileType = sourcecode.swift; path = TodayItem.swift; sourceTree = "<group>"; };
		6791579A534005EDACD3981D /* Pods-AppStoreJSONApis.debug.xcconfig */ = {isa = PBXFileReference; includeInIndex = 1; lastKnownFileType = text.xcconfig; name = "Pods-AppStoreJSONApis.debug.xcconfig"; path = "Target Support Files/Pods-AppStoreJSONApis/Pods-AppStoreJSONApis.debug.xcconfig"; sourceTree = "<group>"; };
/* End PBXFileReference section */

/* Begin PBXFrameworksBuildPhase section */
		5E154BBB23DDF459002A89A9 /* Frameworks */ = {
			isa = PBXFrameworksBuildPhase;
			buildActionMask = 2147483647;
			files = (
				4A595D5425DBBC1CADF10C5E /* Pods_AppStoreJSONApis.framework in Frameworks */,
			);
			runOnlyForDeploymentPostprocessing = 0;
		};
/* End PBXFrameworksBuildPhase section */

/* Begin PBXGroup section */
		5E154BB523DDF459002A89A9 = {
			isa = PBXGroup;
			children = (
				5E154BC023DDF459002A89A9 /* AppStoreJSONApis */,
				5E154BBF23DDF459002A89A9 /* Products */,
				C67DD71CC3A810675EBF4177 /* Pods */,
				6DE46A6231A9D44D996AC1E1 /* Frameworks */,
			);
			sourceTree = "<group>";
		};
		5E154BBF23DDF459002A89A9 /* Products */ = {
			isa = PBXGroup;
			children = (
				5E154BBE23DDF459002A89A9 /* AppStoreJSONApis.app */,
			);
			name = Products;
			sourceTree = "<group>";
		};
		5E154BC023DDF459002A89A9 /* AppStoreJSONApis */ = {
			isa = PBXGroup;
			children = (
				5E833FF3240AC38700F54C58 /* Service */,
				5EAE650E23F0493900EFFFBB /* Model */,
				5E8787B223EE3E060009452D /* Helpers */,
				5E4A9B6F23EDACD100822698 /* Views */,
				5EA3712A23ED75BD00E1F043 /* Controller */,
				5E154BC123DDF459002A89A9 /* AppDelegate.swift */,
				5E154BC323DDF459002A89A9 /* ViewController.swift */,
				5E154BC523DDF459002A89A9 /* Main.storyboard */,
				5E154BC823DDF45A002A89A9 /* Assets.xcassets */,
				5E154BCA23DDF45A002A89A9 /* LaunchScreen.storyboard */,
				5E154BCD23DDF45A002A89A9 /* Info.plist */,
			);
			path = AppStoreJSONApis;
			sourceTree = "<group>";
		};
		5E4A9B6F23EDACD100822698 /* Views */ = {
			isa = PBXGroup;
			children = (
				5E4B0DBB2439C88400B45638 /* Apps */,
				5E4A9B7023EDAD0000822698 /* SearchResultCell.swift */,
			);
			path = Views;
			sourceTree = "<group>";
		};
		5E4B0DBA2439C1C100B45638 /* Search */ = {
			isa = PBXGroup;
			children = (
				5EA3712B23ED75F500E1F043 /* AppsSearchController.swift */,
			);
			path = Search;
			sourceTree = "<group>";
		};
		5E4B0DBB2439C88400B45638 /* Apps */ = {
			isa = PBXGroup;
			children = (
				5E729AD72467783F00702B16 /* Today */,
				5E5B8CB1246638D000DC3876 /* Details */,
				5E4B0DBC2439C8A200B45638 /* AppsGroupCell.swift */,
				5E4B0DC0243A0F3A00B45638 /* AppRowCell.swift */,
				5E4B0DC4243A1DCE00B45638 /* AppsPageHeader.swift */,
				5E025BFE243B7E8E00C34B37 /* AppsHeaderCell.swift */,
			);
			path = Apps;
			sourceTree = "<group>";
		};
		5E5B8CB1246638D000DC3876 /* Details */ = {
			isa = PBXGroup;
			children = (
				5E5B8CB2246638EA00DC3876 /* AppDetailCell.swift */,
				5E729AC82466AD0000702B16 /* PreviewCell.swift */,
				5E729ACC2466D7A200702B16 /* ReviewRowCell.swift */,
				5E729AD02466E94400702B16 /* ReviewCell.swift */,
			);
			path = Details;
			sourceTree = "<group>";
		};
		5E729AD42467766E00702B16 /* Today */ = {
			isa = PBXGroup;
			children = (
				5E729AD52467768600702B16 /* TodayController.swift */,
				5E729ADA246790F900702B16 /* AppFullscreenController.swift */,
			);
			path = Today;
			sourceTree = "<group>";
		};
		5E729AD72467783F00702B16 /* Today */ = {
			isa = PBXGroup;
			children = (
				5E729AD82467785700702B16 /* TodayCell.swift */,
				5E729ADC2467939F00702B16 /* AppFullscreenDescriptionCell.swift */,
				5E729ADE2467CD2600702B16 /* AppFullscreenHeaderCell.swift */,
			);
			path = Today;
			sourceTree = "<group>";
		};
		5E833FF3240AC38700F54C58 /* Service */ = {
			isa = PBXGroup;
			children = (
				5E833FF4240AC3AC00F54C58 /* Service.swift */,
			);
			path = Service;
			sourceTree = "<group>";
		};
		5E8787B223EE3E060009452D /* Helpers */ = {
			isa = PBXGroup;
			children = (
				5E8787B323EE3E1F0009452D /* UIView+Layout.swift */,
				5E8787B523EEB19F0009452D /* VerticalStackView.swift */,
				5E4B0DC2243A107E00B45638 /* Extensions.swift */,
				5E6843862457315A009655FF /* BetterSnappingLayout.swift */,
			);
			path = Helpers;
			sourceTree = "<group>";
		};
		5EA3712A23ED75BD00E1F043 /* Controller */ = {
			isa = PBXGroup;
			children = (
				5E729AD42467766E00702B16 /* Today */,
				5E4B0DBA2439C1C100B45638 /* Search */,
				5EB76D6A24398AB4005E9FF6 /* Apps */,
				5E154BD323DDF5C9002A89A9 /* BaseTabBarController.swift */,
				5E4B0DB824398EAA00B45638 /* BaseListController.swift */,
				5E95131124572B4A009B4438 /* HorizontalSnappingController.swift */,
			);
			path = Controller;
			sourceTree = "<group>";
		};
		5EA52D01245B25320005C66F /* Details */ = {
			isa = PBXGroup;
			children = (
				5EA52D02245B25E90005C66F /* AppDetailController.swift */,
				5E729ACA2466B02900702B16 /* PreviewScreenshotsController.swift */,
				5E729ACE2466E62300702B16 /* ReviewsController.swift */,
			);
			path = Details;
			sourceTree = "<group>";
		};
		5EAE650E23F0493900EFFFBB /* Model */ = {
			isa = PBXGroup;
			children = (
				5EAE650F23F0495900EFFFBB /* SearchResult.swift */,
				5E65513924552F9500D4809B /* AppGroup.swift */,
				5E7B04282455E02800B25539 /* SocialApp.swift */,
				5E729AD22466FF5400702B16 /* Reviews.swift */,
				5EDF2E212469981300ACCA06 /* TodayItem.swift */,
			);
			path = Model;
			sourceTree = "<group>";
		};
		5EB76D6A24398AB4005E9FF6 /* Apps */ = {
			isa = PBXGroup;
			children = (
				5EA52D01245B25320005C66F /* Details */,
				5EB76D6824398AAF005E9FF6 /* AppsPageController.swift */,
				5E4B0DBE2439D21200B45638 /* AppsHorizontalController.swift */,
				5E4B0DC6243A274400B45638 /* AppHeaderHorizontalController.swift */,
			);
			path = Apps;
			sourceTree = "<group>";
		};
		6DE46A6231A9D44D996AC1E1 /* Frameworks */ = {
			isa = PBXGroup;
			children = (
				0B3F2617F4F35863014FFEEB /* Pods_AppStoreJSONApis.framework */,
			);
			name = Frameworks;
			sourceTree = "<group>";
		};
		C67DD71CC3A810675EBF4177 /* Pods */ = {
			isa = PBXGroup;
			children = (
				6791579A534005EDACD3981D /* Pods-AppStoreJSONApis.debug.xcconfig */,
				550C3FB864351804D60B7976 /* Pods-AppStoreJSONApis.release.xcconfig */,
			);
			path = Pods;
			sourceTree = "<group>";
		};
/* End PBXGroup section */

/* Begin PBXNativeTarget section */
		5E154BBD23DDF459002A89A9 /* AppStoreJSONApis */ = {
			isa = PBXNativeTarget;
			buildConfigurationList = 5E154BD023DDF45A002A89A9 /* Build configuration list for PBXNativeTarget "AppStoreJSONApis" */;
			buildPhases = (
				C2985F18395AB2F3B23AA656 /* [CP] Check Pods Manifest.lock */,
				5E154BBA23DDF459002A89A9 /* Sources */,
				5E154BBB23DDF459002A89A9 /* Frameworks */,
				5E154BBC23DDF459002A89A9 /* Resources */,
				50FFD569A59A7CC559414557 /* [CP] Embed Pods Frameworks */,
			);
			buildRules = (
			);
			dependencies = (
			);
			name = AppStoreJSONApis;
			productName = AppStoreJSONApis;
			productReference = 5E154BBE23DDF459002A89A9 /* AppStoreJSONApis.app */;
			productType = "com.apple.product-type.application";
		};
/* End PBXNativeTarget section */

/* Begin PBXProject section */
		5E154BB623DDF459002A89A9 /* Project object */ = {
			isa = PBXProject;
			attributes = {
				LastSwiftUpdateCheck = 1020;
				LastUpgradeCheck = 1020;
				ORGANIZATIONNAME = "Shunta Nabezawa";
				TargetAttributes = {
					5E154BBD23DDF459002A89A9 = {
						CreatedOnToolsVersion = 10.2.1;
						LastSwiftMigration = 1020;
					};
				};
			};
			buildConfigurationList = 5E154BB923DDF459002A89A9 /* Build configuration list for PBXProject "AppStoreJSONApis" */;
			compatibilityVersion = "Xcode 9.3";
			developmentRegion = en;
			hasScannedForEncodings = 0;
			knownRegions = (
				en,
				Base,
			);
			mainGroup = 5E154BB523DDF459002A89A9;
			productRefGroup = 5E154BBF23DDF459002A89A9 /* Products */;
			projectDirPath = "";
			projectRoot = "";
			targets = (
				5E154BBD23DDF459002A89A9 /* AppStoreJSONApis */,
			);
		};
/* End PBXProject section */

/* Begin PBXResourcesBuildPhase section */
		5E154BBC23DDF459002A89A9 /* Resources */ = {
			isa = PBXResourcesBuildPhase;
			buildActionMask = 2147483647;
			files = (
				5E154BCC23DDF45A002A89A9 /* LaunchScreen.storyboard in Resources */,
				5E154BC923DDF45A002A89A9 /* Assets.xcassets in Resources */,
				5E154BC723DDF459002A89A9 /* Main.storyboard in Resources */,
			);
			runOnlyForDeploymentPostprocessing = 0;
		};
/* End PBXResourcesBuildPhase section */

/* Begin PBXShellScriptBuildPhase section */
		50FFD569A59A7CC559414557 /* [CP] Embed Pods Frameworks */ = {
			isa = PBXShellScriptBuildPhase;
			buildActionMask = 2147483647;
			files = (
			);
			inputFileListPaths = (
				"${PODS_ROOT}/Target Support Files/Pods-AppStoreJSONApis/Pods-AppStoreJSONApis-frameworks-${CONFIGURATION}-input-files.xcfilelist",
			);
			name = "[CP] Embed Pods Frameworks";
			outputFileListPaths = (
				"${PODS_ROOT}/Target Support Files/Pods-AppStoreJSONApis/Pods-AppStoreJSONApis-frameworks-${CONFIGURATION}-output-files.xcfilelist",
			);
			runOnlyForDeploymentPostprocessing = 0;
			shellPath = /bin/sh;
			shellScript = "\"${PODS_ROOT}/Target Support Files/Pods-AppStoreJSONApis/Pods-AppStoreJSONApis-frameworks.sh\"\n";
			showEnvVarsInLog = 0;
		};
		C2985F18395AB2F3B23AA656 /* [CP] Check Pods Manifest.lock */ = {
			isa = PBXShellScriptBuildPhase;
			buildActionMask = 2147483647;
			files = (
			);
			inputFileListPaths = (
			);
			inputPaths = (
				"${PODS_PODFILE_DIR_PATH}/Podfile.lock",
				"${PODS_ROOT}/Manifest.lock",
			);
			name = "[CP] Check Pods Manifest.lock";
			outputFileListPaths = (
			);
			outputPaths = (
				"$(DERIVED_FILE_DIR)/Pods-AppStoreJSONApis-checkManifestLockResult.txt",
			);
			runOnlyForDeploymentPostprocessing = 0;
			shellPath = /bin/sh;
			shellScript = "diff \"${PODS_PODFILE_DIR_PATH}/Podfile.lock\" \"${PODS_ROOT}/Manifest.lock\" > /dev/null\nif [ $? != 0 ] ; then\n    # print error to STDERR\n    echo \"error: The sandbox is not in sync with the Podfile.lock. Run 'pod install' or update your CocoaPods installation.\" >&2\n    exit 1\nfi\n# This output is used by Xcode 'outputs' to avoid re-running this script phase.\necho \"SUCCESS\" > \"${SCRIPT_OUTPUT_FILE_0}\"\n";
			showEnvVarsInLog = 0;
		};
/* End PBXShellScriptBuildPhase section */

/* Begin PBXSourcesBuildPhase section */
		5E154BBA23DDF459002A89A9 /* Sources */ = {
			isa = PBXSourcesBuildPhase;
			buildActionMask = 2147483647;
			files = (
				5E154BC423DDF459002A89A9 /* ViewController.swift in Sources */,
				5E6843872457315A009655FF /* BetterSnappingLayout.swift in Sources */,
				5E154BC223DDF459002A89A9 /* AppDelegate.swift in Sources */,
				5E729AD12466E94400702B16 /* ReviewCell.swift in Sources */,
				5E729ADB246790F900702B16 /* AppFullscreenController.swift in Sources */,
				5EAE651023F0495900EFFFBB /* SearchResult.swift in Sources */,
				5E65513A24552F9500D4809B /* AppGroup.swift in Sources */,
				5E7B04292455E02800B25539 /* SocialApp.swift in Sources */,
				5EB76D6924398AAF005E9FF6 /* AppsPageController.swift in Sources */,
				5E025BFF243B7E8E00C34B37 /* AppsHeaderCell.swift in Sources */,
				5E8787B423EE3E200009452D /* UIView+Layout.swift in Sources */,
				5E729ACD2466D7A200702B16 /* ReviewRowCell.swift in Sources */,
				5E729AD92467785700702B16 /* TodayCell.swift in Sources */,
				5E4B0DB924398EAA00B45638 /* BaseListController.swift in Sources */,
				5E5B8CB3246638EA00DC3876 /* AppDetailCell.swift in Sources */,
				5E4B0DC1243A0F3A00B45638 /* AppRowCell.swift in Sources */,
				5E729ACB2466B02900702B16 /* PreviewScreenshotsController.swift in Sources */,
				5EA3712C23ED75F500E1F043 /* AppsSearchController.swift in Sources */,
				5EDF2E222469981300ACCA06 /* TodayItem.swift in Sources */,
				5E4B0DC7243A274400B45638 /* AppHeaderHorizontalController.swift in Sources */,
				5E729ADD2467939F00702B16 /* AppFullscreenDescriptionCell.swift in Sources */,
				5E4B0DBD2439C8A200B45638 /* AppsGroupCell.swift in Sources */,
				5E4B0DC5243A1DCE00B45638 /* AppsPageHeader.swift in Sources */,
				5E729AC92466AD0000702B16 /* PreviewCell.swift in Sources */,
				5E729ACF2466E62300702B16 /* ReviewsController.swift in Sources */,
				5E729AD32466FF5400702B16 /* Reviews.swift in Sources */,
				5E729AD62467768600702B16 /* TodayController.swift in Sources */,
				5E833FF5240AC3AC00F54C58 /* Service.swift in Sources */,
				5E4B0DC3243A107E00B45638 /* Extensions.swift in Sources */,
				5E154BD423DDF5C9002A89A9 /* BaseTabBarController.swift in Sources */,
				5EA52D03245B25E90005C66F /* AppDetailController.swift in Sources */,
				5E729ADF2467CD2600702B16 /* AppFullscreenHeaderCell.swift in Sources */,
				5E95131224572B4A009B4438 /* HorizontalSnappingController.swift in Sources */,
				5E4A9B7123EDAD0000822698 /* SearchResultCell.swift in Sources */,
				5E4B0DBF2439D21200B45638 /* AppsHorizontalController.swift in Sources */,
				5E8787B623EEB19F0009452D /* VerticalStackView.swift in Sources */,
			);
			runOnlyForDeploymentPostprocessing = 0;
		};
/* End PBXSourcesBuildPhase section */

/* Begin PBXVariantGroup section */
		5E154BC523DDF459002A89A9 /* Main.storyboard */ = {
			isa = PBXVariantGroup;
			children = (
				5E154BC623DDF459002A89A9 /* Base */,
			);
			name = Main.storyboard;
			sourceTree = "<group>";
		};
		5E154BCA23DDF45A002A89A9 /* LaunchScreen.storyboard */ = {
			isa = PBXVariantGroup;
			children = (
				5E154BCB23DDF45A002A89A9 /* Base */,
			);
			name = LaunchScreen.storyboard;
			sourceTree = "<group>";
		};
/* End PBXVariantGroup section */

/* Begin XCBuildConfiguration section */
		5E154BCE23DDF45A002A89A9 /* Debug */ = {
			isa = XCBuildConfiguration;
			buildSettings = {
				ALWAYS_SEARCH_USER_PATHS = NO;
				CLANG_ANALYZER_NONNULL = YES;
				CLANG_ANALYZER_NUMBER_OBJECT_CONVERSION = YES_AGGRESSIVE;
				CLANG_CXX_LANGUAGE_STANDARD = "gnu++14";
				CLANG_CXX_LIBRARY = "libc++";
				CLANG_ENABLE_MODULES = YES;
				CLANG_ENABLE_OBJC_ARC = YES;
				CLANG_ENABLE_OBJC_WEAK = YES;
				CLANG_WARN_BLOCK_CAPTURE_AUTORELEASING = YES;
				CLANG_WARN_BOOL_CONVERSION = YES;
				CLANG_WARN_COMMA = YES;
				CLANG_WARN_CONSTANT_CONVERSION = YES;
				CLANG_WARN_DEPRECATED_OBJC_IMPLEMENTATIONS = YES;
				CLANG_WARN_DIRECT_OBJC_ISA_USAGE = YES_ERROR;
				CLANG_WARN_DOCUMENTATION_COMMENTS = YES;
				CLANG_WARN_EMPTY_BODY = YES;
				CLANG_WARN_ENUM_CONVERSION = YES;
				CLANG_WARN_INFINITE_RECURSION = YES;
				CLANG_WARN_INT_CONVERSION = YES;
				CLANG_WARN_NON_LITERAL_NULL_CONVERSION = YES;
				CLANG_WARN_OBJC_IMPLICIT_RETAIN_SELF = YES;
				CLANG_WARN_OBJC_LITERAL_CONVERSION = YES;
				CLANG_WARN_OBJC_ROOT_CLASS = YES_ERROR;
				CLANG_WARN_RANGE_LOOP_ANALYSIS = YES;
				CLANG_WARN_STRICT_PROTOTYPES = YES;
				CLANG_WARN_SUSPICIOUS_MOVE = YES;
				CLANG_WARN_UNGUARDED_AVAILABILITY = YES_AGGRESSIVE;
				CLANG_WARN_UNREACHABLE_CODE = YES;
				CLANG_WARN__DUPLICATE_METHOD_MATCH = YES;
				CODE_SIGN_IDENTITY = "iPhone Developer";
				COPY_PHASE_STRIP = NO;
				DEBUG_INFORMATION_FORMAT = dwarf;
				ENABLE_STRICT_OBJC_MSGSEND = YES;
				ENABLE_TESTABILITY = YES;
				GCC_C_LANGUAGE_STANDARD = gnu11;
				GCC_DYNAMIC_NO_PIC = NO;
				GCC_NO_COMMON_BLOCKS = YES;
				GCC_OPTIMIZATION_LEVEL = 0;
				GCC_PREPROCESSOR_DEFINITIONS = (
					"DEBUG=1",
					"$(inherited)",
				);
				GCC_WARN_64_TO_32_BIT_CONVERSION = YES;
				GCC_WARN_ABOUT_RETURN_TYPE = YES_ERROR;
				GCC_WARN_UNDECLARED_SELECTOR = YES;
				GCC_WARN_UNINITIALIZED_AUTOS = YES_AGGRESSIVE;
				GCC_WARN_UNUSED_FUNCTION = YES;
				GCC_WARN_UNUSED_VARIABLE = YES;
				IPHONEOS_DEPLOYMENT_TARGET = 12.2;
				MTL_ENABLE_DEBUG_INFO = INCLUDE_SOURCE;
				MTL_FAST_MATH = YES;
				ONLY_ACTIVE_ARCH = YES;
				SDKROOT = iphoneos;
				SWIFT_ACTIVE_COMPILATION_CONDITIONS = DEBUG;
				SWIFT_OPTIMIZATION_LEVEL = "-Onone";
			};
			name = Debug;
		};
		5E154BCF23DDF45A002A89A9 /* Release */ = {
			isa = XCBuildConfiguration;
			buildSettings = {
				ALWAYS_SEARCH_USER_PATHS = NO;
				CLANG_ANALYZER_NONNULL = YES;
				CLANG_ANALYZER_NUMBER_OBJECT_CONVERSION = YES_AGGRESSIVE;
				CLANG_CXX_LANGUAGE_STANDARD = "gnu++14";
				CLANG_CXX_LIBRARY = "libc++";
				CLANG_ENABLE_MODULES = YES;
				CLANG_ENABLE_OBJC_ARC = YES;
				CLANG_ENABLE_OBJC_WEAK = YES;
				CLANG_WARN_BLOCK_CAPTURE_AUTORELEASING = YES;
				CLANG_WARN_BOOL_CONVERSION = YES;
				CLANG_WARN_COMMA = YES;
				CLANG_WARN_CONSTANT_CONVERSION = YES;
				CLANG_WARN_DEPRECATED_OBJC_IMPLEMENTATIONS = YES;
				CLANG_WARN_DIRECT_OBJC_ISA_USAGE = YES_ERROR;
				CLANG_WARN_DOCUMENTATION_COMMENTS = YES;
				CLANG_WARN_EMPTY_BODY = YES;
				CLANG_WARN_ENUM_CONVERSION = YES;
				CLANG_WARN_INFINITE_RECURSION = YES;
				CLANG_WARN_INT_CONVERSION = YES;
				CLANG_WARN_NON_LITERAL_NULL_CONVERSION = YES;
				CLANG_WARN_OBJC_IMPLICIT_RETAIN_SELF = YES;
				CLANG_WARN_OBJC_LITERAL_CONVERSION = YES;
				CLANG_WARN_OBJC_ROOT_CLASS = YES_ERROR;
				CLANG_WARN_RANGE_LOOP_ANALYSIS = YES;
				CLANG_WARN_STRICT_PROTOTYPES = YES;
				CLANG_WARN_SUSPICIOUS_MOVE = YES;
				CLANG_WARN_UNGUARDED_AVAILABILITY = YES_AGGRESSIVE;
				CLANG_WARN_UNREACHABLE_CODE = YES;
				CLANG_WARN__DUPLICATE_METHOD_MATCH = YES;
				CODE_SIGN_IDENTITY = "iPhone Developer";
				COPY_PHASE_STRIP = NO;
				DEBUG_INFORMATION_FORMAT = "dwarf-with-dsym";
				ENABLE_NS_ASSERTIONS = NO;
				ENABLE_STRICT_OBJC_MSGSEND = YES;
				GCC_C_LANGUAGE_STANDARD = gnu11;
				GCC_NO_COMMON_BLOCKS = YES;
				GCC_WARN_64_TO_32_BIT_CONVERSION = YES;
				GCC_WARN_ABOUT_RETURN_TYPE = YES_ERROR;
				GCC_WARN_UNDECLARED_SELECTOR = YES;
				GCC_WARN_UNINITIALIZED_AUTOS = YES_AGGRESSIVE;
				GCC_WARN_UNUSED_FUNCTION = YES;
				GCC_WARN_UNUSED_VARIABLE = YES;
				IPHONEOS_DEPLOYMENT_TARGET = 12.2;
				MTL_ENABLE_DEBUG_INFO = NO;
				MTL_FAST_MATH = YES;
				SDKROOT = iphoneos;
				SWIFT_COMPILATION_MODE = wholemodule;
				SWIFT_OPTIMIZATION_LEVEL = "-O";
				VALIDATE_PRODUCT = YES;
			};
			name = Release;
		};
		5E154BD123DDF45A002A89A9 /* Debug */ = {
			isa = XCBuildConfiguration;
			baseConfigurationReference = 6791579A534005EDACD3981D /* Pods-AppStoreJSONApis.debug.xcconfig */;
			buildSettings = {
				ASSETCATALOG_COMPILER_APPICON_NAME = AppIcon;
				CODE_SIGN_STYLE = Automatic;
				DEVELOPMENT_TEAM = 7H9CW555FJ;
				INFOPLIST_FILE = AppStoreJSONApis/Info.plist;
				LD_RUNPATH_SEARCH_PATHS = (
					"$(inherited)",
					"@executable_path/Frameworks",
				);
				PRODUCT_BUNDLE_IDENTIFIER = com.nabeshun.AppStoreJSONApis;
				PRODUCT_NAME = "$(TARGET_NAME)";
				SWIFT_VERSION = 4.2;
				TARGETED_DEVICE_FAMILY = "1,2";
			};
			name = Debug;
		};
		5E154BD223DDF45A002A89A9 /* Release */ = {
			isa = XCBuildConfiguration;
			baseConfigurationReference = 550C3FB864351804D60B7976 /* Pods-AppStoreJSONApis.release.xcconfig */;
			buildSettings = {
				ASSETCATALOG_COMPILER_APPICON_NAME = AppIcon;
				CODE_SIGN_STYLE = Automatic;
				DEVELOPMENT_TEAM = 7H9CW555FJ;
				INFOPLIST_FILE = AppStoreJSONApis/Info.plist;
				LD_RUNPATH_SEARCH_PATHS = (
					"$(inherited)",
					"@executable_path/Frameworks",
				);
				PRODUCT_BUNDLE_IDENTIFIER = com.nabeshun.AppStoreJSONApis;
				PRODUCT_NAME = "$(TARGET_NAME)";
				SWIFT_VERSION = 4.2;
				TARGETED_DEVICE_FAMILY = "1,2";
			};
			name = Release;
		};
/* End XCBuildConfiguration section */

/* Begin XCConfigurationList section */
		5E154BB923DDF459002A89A9 /* Build configuration list for PBXProject "AppStoreJSONApis" */ = {
			isa = XCConfigurationList;
			buildConfigurations = (
				5E154BCE23DDF45A002A89A9 /* Debug */,
				5E154BCF23DDF45A002A89A9 /* Release */,
			);
			defaultConfigurationIsVisible = 0;
			defaultConfigurationName = Release;
		};
		5E154BD023DDF45A002A89A9 /* Build configuration list for PBXNativeTarget "AppStoreJSONApis" */ = {
			isa = XCConfigurationList;
			buildConfigurations = (
				5E154BD123DDF45A002A89A9 /* Debug */,
				5E154BD223DDF45A002A89A9 /* Release */,
			);
			defaultConfigurationIsVisible = 0;
			defaultConfigurationName = Release;
		};
/* End XCConfigurationList section */
	};
	rootObject = 5E154BB623DDF459002A89A9 /* Project object */;
}
